# THIS IS AN AUTOGENERATED FILE. DO NOT EDIT THIS FILE DIRECTLY.
# yarn lockfile v1


"@csstools/postcss-cascade-layers@^1.0.4":
  version "1.0.5"
  resolved "https://registry.yarnpkg.com/@csstools/postcss-cascade-layers/-/postcss-cascade-layers-1.0.5.tgz#f16f2c4396ace855541e1aa693f5f27ec972e6ad"
  integrity sha512-Id/9wBT7FkgFzdEpiEWrsVd4ltDxN0rI0QS0SChbeQiSuux3z21SJCRLu6h2cvCEUmaRi+VD0mHFj+GJD4GFnw==
  dependencies:
    "@csstools/selector-specificity" "^2.0.2"
    postcss-selector-parser "^6.0.10"

"@csstools/postcss-color-function@^1.1.0":
  version "1.1.1"
  resolved "https://registry.yarnpkg.com/@csstools/postcss-color-function/-/postcss-color-function-1.1.1.tgz#2bd36ab34f82d0497cfacdc9b18d34b5e6f64b6b"
  integrity sha512-Bc0f62WmHdtRDjf5f3e2STwRAl89N2CLb+9iAwzrv4L2hncrbDwnQD9PCq0gtAt7pOI2leIV08HIBUd4jxD8cw==
  dependencies:
    "@csstools/postcss-progressive-custom-properties" "^1.1.0"
    postcss-value-parser "^4.2.0"

"@csstools/postcss-font-format-keywords@^1.0.0":
  version "1.0.1"
  resolved "https://registry.yarnpkg.com/@csstools/postcss-font-format-keywords/-/postcss-font-format-keywords-1.0.1.tgz#677b34e9e88ae997a67283311657973150e8b16a"
  integrity sha512-ZgrlzuUAjXIOc2JueK0X5sZDjCtgimVp/O5CEqTcs5ShWBa6smhWYbS0x5cVc/+rycTDbjjzoP0KTDnUneZGOg==
  dependencies:
    postcss-value-parser "^4.2.0"

"@csstools/postcss-hwb-function@^1.0.1":
  version "1.0.2"
  resolved "https://registry.yarnpkg.com/@csstools/postcss-hwb-function/-/postcss-hwb-function-1.0.2.tgz#ab54a9fce0ac102c754854769962f2422ae8aa8b"
  integrity sha512-YHdEru4o3Rsbjmu6vHy4UKOXZD+Rn2zmkAmLRfPet6+Jz4Ojw8cbWxe1n42VaXQhD3CQUXXTooIy8OkVbUcL+w==
  dependencies:
    postcss-value-parser "^4.2.0"

"@csstools/postcss-ic-unit@^1.0.0":
  version "1.0.1"
  resolved "https://registry.yarnpkg.com/@csstools/postcss-ic-unit/-/postcss-ic-unit-1.0.1.tgz#28237d812a124d1a16a5acc5c3832b040b303e58"
  integrity sha512-Ot1rcwRAaRHNKC9tAqoqNZhjdYBzKk1POgWfhN4uCOE47ebGcLRqXjKkApVDpjifL6u2/55ekkpnFcp+s/OZUw==
  dependencies:
    "@csstools/postcss-progressive-custom-properties" "^1.1.0"
    postcss-value-parser "^4.2.0"

"@csstools/postcss-is-pseudo-class@^2.0.6":
  version "2.0.7"
  resolved "https://registry.yarnpkg.com/@csstools/postcss-is-pseudo-class/-/postcss-is-pseudo-class-2.0.7.tgz#846ae6c0d5a1eaa878fce352c544f9c295509cd1"
  integrity sha512-7JPeVVZHd+jxYdULl87lvjgvWldYu+Bc62s9vD/ED6/QTGjy0jy0US/f6BG53sVMTBJ1lzKZFpYmofBN9eaRiA==
  dependencies:
    "@csstools/selector-specificity" "^2.0.0"
    postcss-selector-parser "^6.0.10"

"@csstools/postcss-normalize-display-values@^1.0.0":
  version "1.0.1"
  resolved "https://registry.yarnpkg.com/@csstools/postcss-normalize-display-values/-/postcss-normalize-display-values-1.0.1.tgz#15da54a36e867b3ac5163ee12c1d7f82d4d612c3"
  integrity sha512-jcOanIbv55OFKQ3sYeFD/T0Ti7AMXc9nM1hZWu8m/2722gOTxFg7xYu4RDLJLeZmPUVQlGzo4jhzvTUq3x4ZUw==
  dependencies:
    postcss-value-parser "^4.2.0"

"@csstools/postcss-oklab-function@^1.1.0":
  version "1.1.1"
  resolved "https://registry.yarnpkg.com/@csstools/postcss-oklab-function/-/postcss-oklab-function-1.1.1.tgz#88cee0fbc8d6df27079ebd2fa016ee261eecf844"
  integrity sha512-nJpJgsdA3dA9y5pgyb/UfEzE7W5Ka7u0CX0/HIMVBNWzWemdcTH3XwANECU6anWv/ao4vVNLTMxhiPNZsTK6iA==
  dependencies:
    "@csstools/postcss-progressive-custom-properties" "^1.1.0"
    postcss-value-parser "^4.2.0"

"@csstools/postcss-progressive-custom-properties@^1.1.0", "@csstools/postcss-progressive-custom-properties@^1.3.0":
  version "1.3.0"
  resolved "https://registry.yarnpkg.com/@csstools/postcss-progressive-custom-properties/-/postcss-progressive-custom-properties-1.3.0.tgz#542292558384361776b45c85226b9a3a34f276fa"
  integrity sha512-ASA9W1aIy5ygskZYuWams4BzafD12ULvSypmaLJT2jvQ8G0M3I8PRQhC0h7mG0Z3LI05+agZjqSR9+K9yaQQjA==
  dependencies:
    postcss-value-parser "^4.2.0"

"@csstools/postcss-stepped-value-functions@^1.0.0":
  version "1.0.1"
  resolved "https://registry.yarnpkg.com/@csstools/postcss-stepped-value-functions/-/postcss-stepped-value-functions-1.0.1.tgz#f8772c3681cc2befed695e2b0b1d68e22f08c4f4"
  integrity sha512-dz0LNoo3ijpTOQqEJLY8nyaapl6umbmDcgj4AD0lgVQ572b2eqA1iGZYTTWhrcrHztWDDRAX2DGYyw2VBjvCvQ==
  dependencies:
    postcss-value-parser "^4.2.0"

"@csstools/postcss-trigonometric-functions@^1.0.1":
  version "1.0.2"
  resolved "https://registry.yarnpkg.com/@csstools/postcss-trigonometric-functions/-/postcss-trigonometric-functions-1.0.2.tgz#94d3e4774c36d35dcdc88ce091336cb770d32756"
  integrity sha512-woKaLO///4bb+zZC2s80l+7cm07M7268MsyG3M0ActXXEFi6SuhvriQYcb58iiKGbjwwIU7n45iRLEHypB47Og==
  dependencies:
    postcss-value-parser "^4.2.0"

"@csstools/postcss-unset-value@^1.0.1":
  version "1.0.2"
  resolved "https://registry.yarnpkg.com/@csstools/postcss-unset-value/-/postcss-unset-value-1.0.2.tgz#c99bb70e2cdc7312948d1eb41df2412330b81f77"
  integrity sha512-c8J4roPBILnelAsdLr4XOAR/GsTm0GJi4XpcfvoWk3U6KiTCqiFYc63KhRMQQX35jYMp4Ao8Ij9+IZRgMfJp1g==

"@csstools/selector-specificity@^2.0.0", "@csstools/selector-specificity@^2.0.2":
  version "2.0.2"
  resolved "https://registry.yarnpkg.com/@csstools/selector-specificity/-/selector-specificity-2.0.2.tgz#1bfafe4b7ed0f3e4105837e056e0a89b108ebe36"
  integrity sha512-IkpVW/ehM1hWKln4fCA3NzJU8KwD+kIOvPZA4cqxoJHtE21CCzjyp+Kxbu0i5I4tBNOlXPL9mjwnWlL0VEG4Fg==

"@esbuild/linux-loong64@0.14.54":
  version "0.14.54"
  resolved "https://registry.yarnpkg.com/@esbuild/linux-loong64/-/linux-loong64-0.14.54.tgz#de2a4be678bd4d0d1ffbb86e6de779cde5999028"
  integrity sha512-bZBrLAIX1kpWelV0XemxBZllyRmM6vgFQQG2GdNb+r3Fkp0FOh1NJSvekXDs7jq70k4euu1cryLMfU+mTXlEpw==

autoprefixer@^10.4.7:
  version "10.4.8"
  resolved "https://registry.yarnpkg.com/autoprefixer/-/autoprefixer-10.4.8.tgz#92c7a0199e1cfb2ad5d9427bd585a3d75895b9e5"
  integrity sha512-75Jr6Q/XpTqEf6D2ltS5uMewJIx5irCU1oBYJrWjFenq/m12WRRrz6g15L1EIoYvPLXTbEry7rDOwrcYNj77xw==
  dependencies:
    browserslist "^4.21.3"
    caniuse-lite "^1.0.30001373"
    fraction.js "^4.2.0"
    normalize-range "^0.1.2"
    picocolors "^1.0.0"
    postcss-value-parser "^4.2.0"

browserslist@^4.21.0, browserslist@^4.21.3:
  version "4.21.3"
  resolved "https://registry.yarnpkg.com/browserslist/-/browserslist-4.21.3.tgz#5df277694eb3c48bc5c4b05af3e8b7e09c5a6d1a"
  integrity sha512-898rgRXLAyRkM1GryrrBHGkqA5hlpkV5MhtZwg9QXeiyLUYs2k00Un05aX5l2/yJIOObYKOpS2JNo8nJDE7fWQ==
  dependencies:
    caniuse-lite "^1.0.30001370"
    electron-to-chromium "^1.4.202"
    node-releases "^2.0.6"
    update-browserslist-db "^1.0.5"

caniuse-lite@^1.0.30001370, caniuse-lite@^1.0.30001373:
  version "1.0.30001375"
  resolved "https://registry.yarnpkg.com/caniuse-lite/-/caniuse-lite-1.0.30001375.tgz#8e73bc3d1a4c800beb39f3163bf0190d7e5d7672"
  integrity sha512-kWIMkNzLYxSvnjy0hL8w1NOaWNr2rn39RTAVyIwcw8juu60bZDWiF1/loOYANzjtJmy6qPgNmn38ro5Pygagdw==

css-blank-pseudo@^3.0.3:
  version "3.0.3"
  resolved "https://registry.yarnpkg.com/css-blank-pseudo/-/css-blank-pseudo-3.0.3.tgz#36523b01c12a25d812df343a32c322d2a2324561"
  integrity sha512-VS90XWtsHGqoM0t4KpH053c4ehxZ2E6HtGI7x68YFV0pTo/QmkV/YFA+NnlvK8guxZVNWGQhVNJGC39Q8XF4OQ==
  dependencies:
    postcss-selector-parser "^6.0.9"

css-has-pseudo@^3.0.4:
  version "3.0.4"
  resolved "https://registry.yarnpkg.com/css-has-pseudo/-/css-has-pseudo-3.0.4.tgz#57f6be91ca242d5c9020ee3e51bbb5b89fc7af73"
  integrity sha512-Vse0xpR1K9MNlp2j5w1pgWIJtm1a8qS0JwS9goFYcImjlHEmywP9VUF05aGBXzGpDJF86QXk4L0ypBmwPhGArw==
  dependencies:
    postcss-selector-parser "^6.0.9"

css-prefers-color-scheme@^6.0.3:
  version "6.0.3"
  resolved "https://registry.yarnpkg.com/css-prefers-color-scheme/-/css-prefers-color-scheme-6.0.3.tgz#ca8a22e5992c10a5b9d315155e7caee625903349"
  integrity sha512-4BqMbZksRkJQx2zAjrokiGMd07RqOa2IxIrrN10lyBe9xhn9DEvjUK79J6jkeiv9D9hQFXKb6g1jwU62jziJZA==

cssdb@^6.6.3:
  version "6.6.3"
  resolved "https://registry.yarnpkg.com/cssdb/-/cssdb-6.6.3.tgz#1f331a2fab30c18d9f087301e6122a878bb1e505"
  integrity sha512-7GDvDSmE+20+WcSMhP17Q1EVWUrLlbxxpMDqG731n8P99JhnQZHR9YvtjPvEHfjFUjvQJvdpKCjlKOX+xe4UVA==

cssesc@^3.0.0:
  version "3.0.0"
  resolved "https://registry.yarnpkg.com/cssesc/-/cssesc-3.0.0.tgz#37741919903b868565e1c09ea747445cd18983ee"
  integrity sha512-/Tb/JcjK111nNScGob5MNtsntNM1aCNUDipB/TkwZFhyDrrE47SOx/18wF2bbjgc3ZzCSKW1T5nt5EbFoAz/Vg==

electron-to-chromium@^1.4.202:
  version "1.4.217"
  resolved "https://registry.yarnpkg.com/electron-to-chromium/-/electron-to-chromium-1.4.217.tgz#f1f51b319435f4c1587a850806a0dfebe9774598"
  integrity sha512-iX8GbAMij7cOtJPZo02CClpaPMWjvN5meqXiJXkBgwvraNWTNH0Z7F9tkznI34JRPtWASoPM/xWamq3oNb49GA==

esbuild-android-64@0.14.54:
  version "0.14.54"
  resolved "https://registry.yarnpkg.com/esbuild-android-64/-/esbuild-android-64-0.14.54.tgz#505f41832884313bbaffb27704b8bcaa2d8616be"
  integrity sha512-Tz2++Aqqz0rJ7kYBfz+iqyE3QMycD4vk7LBRyWaAVFgFtQ/O8EJOnVmTOiDWYZ/uYzB4kvP+bqejYdVKzE5lAQ==

esbuild-android-arm64@0.14.54:
  version "0.14.54"
  resolved "https://registry.yarnpkg.com/esbuild-android-arm64/-/esbuild-android-arm64-0.14.54.tgz#8ce69d7caba49646e009968fe5754a21a9871771"
  integrity sha512-F9E+/QDi9sSkLaClO8SOV6etqPd+5DgJje1F9lOWoNncDdOBL2YF59IhsWATSt0TLZbYCf3pNlTHvVV5VfHdvg==

esbuild-darwin-64@0.14.54:
  version "0.14.54"
  resolved "https://registry.yarnpkg.com/esbuild-darwin-64/-/esbuild-darwin-64-0.14.54.tgz#24ba67b9a8cb890a3c08d9018f887cc221cdda25"
  integrity sha512-jtdKWV3nBviOd5v4hOpkVmpxsBy90CGzebpbO9beiqUYVMBtSc0AL9zGftFuBon7PNDcdvNCEuQqw2x0wP9yug==

esbuild-darwin-arm64@0.14.54:
  version "0.14.54"
  resolved "https://registry.yarnpkg.com/esbuild-darwin-arm64/-/esbuild-darwin-arm64-0.14.54.tgz#3f7cdb78888ee05e488d250a2bdaab1fa671bf73"
  integrity sha512-OPafJHD2oUPyvJMrsCvDGkRrVCar5aVyHfWGQzY1dWnzErjrDuSETxwA2HSsyg2jORLY8yBfzc1MIpUkXlctmw==

esbuild-freebsd-64@0.14.54:
  version "0.14.54"
  resolved "https://registry.yarnpkg.com/esbuild-freebsd-64/-/esbuild-freebsd-64-0.14.54.tgz#09250f997a56ed4650f3e1979c905ffc40bbe94d"
  integrity sha512-OKwd4gmwHqOTp4mOGZKe/XUlbDJ4Q9TjX0hMPIDBUWWu/kwhBAudJdBoxnjNf9ocIB6GN6CPowYpR/hRCbSYAg==

esbuild-freebsd-arm64@0.14.54:
  version "0.14.54"
  resolved "https://registry.yarnpkg.com/esbuild-freebsd-arm64/-/esbuild-freebsd-arm64-0.14.54.tgz#bafb46ed04fc5f97cbdb016d86947a79579f8e48"
  integrity sha512-sFwueGr7OvIFiQT6WeG0jRLjkjdqWWSrfbVwZp8iMP+8UHEHRBvlaxL6IuKNDwAozNUmbb8nIMXa7oAOARGs1Q==

esbuild-linux-32@0.14.54:
  version "0.14.54"
  resolved "https://registry.yarnpkg.com/esbuild-linux-32/-/esbuild-linux-32-0.14.54.tgz#e2a8c4a8efdc355405325033fcebeb941f781fe5"
  integrity sha512-1ZuY+JDI//WmklKlBgJnglpUL1owm2OX+8E1syCD6UAxcMM/XoWd76OHSjl/0MR0LisSAXDqgjT3uJqT67O3qw==

esbuild-linux-64@0.14.54:
  version "0.14.54"
  resolved "https://registry.yarnpkg.com/esbuild-linux-64/-/esbuild-linux-64-0.14.54.tgz#de5fdba1c95666cf72369f52b40b03be71226652"
  integrity sha512-EgjAgH5HwTbtNsTqQOXWApBaPVdDn7XcK+/PtJwZLT1UmpLoznPd8c5CxqsH2dQK3j05YsB3L17T8vE7cp4cCg==

esbuild-linux-arm64@0.14.54:
  version "0.14.54"
  resolved "https://registry.yarnpkg.com/esbuild-linux-arm64/-/esbuild-linux-arm64-0.14.54.tgz#dae4cd42ae9787468b6a5c158da4c84e83b0ce8b"
  integrity sha512-WL71L+0Rwv+Gv/HTmxTEmpv0UgmxYa5ftZILVi2QmZBgX3q7+tDeOQNqGtdXSdsL8TQi1vIaVFHUPDe0O0kdig==

esbuild-linux-arm@0.14.54:
  version "0.14.54"
  resolved "https://registry.yarnpkg.com/esbuild-linux-arm/-/esbuild-linux-arm-0.14.54.tgz#a2c1dff6d0f21dbe8fc6998a122675533ddfcd59"
  integrity sha512-qqz/SjemQhVMTnvcLGoLOdFpCYbz4v4fUo+TfsWG+1aOu70/80RV6bgNpR2JCrppV2moUQkww+6bWxXRL9YMGw==

esbuild-linux-mips64le@0.14.54:
  version "0.14.54"
  resolved "https://registry.yarnpkg.com/esbuild-linux-mips64le/-/esbuild-linux-mips64le-0.14.54.tgz#d9918e9e4cb972f8d6dae8e8655bf9ee131eda34"
  integrity sha512-qTHGQB8D1etd0u1+sB6p0ikLKRVuCWhYQhAHRPkO+OF3I/iSlTKNNS0Lh2Oc0g0UFGguaFZZiPJdJey3AGpAlw==

esbuild-linux-ppc64le@0.14.54:
  version "0.14.54"
  resolved "https://registry.yarnpkg.com/esbuild-linux-ppc64le/-/esbuild-linux-ppc64le-0.14.54.tgz#3f9a0f6d41073fb1a640680845c7de52995f137e"
  integrity sha512-j3OMlzHiqwZBDPRCDFKcx595XVfOfOnv68Ax3U4UKZ3MTYQB5Yz3X1mn5GnodEVYzhtZgxEBidLWeIs8FDSfrQ==

esbuild-linux-riscv64@0.14.54:
  version "0.14.54"
  resolved "https://registry.yarnpkg.com/esbuild-linux-riscv64/-/esbuild-linux-riscv64-0.14.54.tgz#618853c028178a61837bc799d2013d4695e451c8"
  integrity sha512-y7Vt7Wl9dkOGZjxQZnDAqqn+XOqFD7IMWiewY5SPlNlzMX39ocPQlOaoxvT4FllA5viyV26/QzHtvTjVNOxHZg==

esbuild-linux-s390x@0.14.54:
  version "0.14.54"
  resolved "https://registry.yarnpkg.com/esbuild-linux-s390x/-/esbuild-linux-s390x-0.14.54.tgz#d1885c4c5a76bbb5a0fe182e2c8c60eb9e29f2a6"
  integrity sha512-zaHpW9dziAsi7lRcyV4r8dhfG1qBidQWUXweUjnw+lliChJqQr+6XD71K41oEIC3Mx1KStovEmlzm+MkGZHnHA==

esbuild-netbsd-64@0.14.54:
  version "0.14.54"
  resolved "https://registry.yarnpkg.com/esbuild-netbsd-64/-/esbuild-netbsd-64-0.14.54.tgz#69ae917a2ff241b7df1dbf22baf04bd330349e81"
  integrity sha512-PR01lmIMnfJTgeU9VJTDY9ZerDWVFIUzAtJuDHwwceppW7cQWjBBqP48NdeRtoP04/AtO9a7w3viI+PIDr6d+w==

esbuild-openbsd-64@0.14.54:
  version "0.14.54"
  resolved "https://registry.yarnpkg.com/esbuild-openbsd-64/-/esbuild-openbsd-64-0.14.54.tgz#db4c8495287a350a6790de22edea247a57c5d47b"
  integrity sha512-Qyk7ikT2o7Wu76UsvvDS5q0amJvmRzDyVlL0qf5VLsLchjCa1+IAvd8kTBgUxD7VBUUVgItLkk609ZHUc1oCaw==

esbuild-sunos-64@0.14.54:
  version "0.14.54"
  resolved "https://registry.yarnpkg.com/esbuild-sunos-64/-/esbuild-sunos-64-0.14.54.tgz#54287ee3da73d3844b721c21bc80c1dc7e1bf7da"
  integrity sha512-28GZ24KmMSeKi5ueWzMcco6EBHStL3B6ubM7M51RmPwXQGLe0teBGJocmWhgwccA1GeFXqxzILIxXpHbl9Q/Kw==

esbuild-windows-32@0.14.54:
  version "0.14.54"
  resolved "https://registry.yarnpkg.com/esbuild-windows-32/-/esbuild-windows-32-0.14.54.tgz#f8aaf9a5667630b40f0fb3aa37bf01bbd340ce31"
  integrity sha512-T+rdZW19ql9MjS7pixmZYVObd9G7kcaZo+sETqNH4RCkuuYSuv9AGHUVnPoP9hhuE1WM1ZimHz1CIBHBboLU7w==

esbuild-windows-64@0.14.54:
  version "0.14.54"
  resolved "https://registry.yarnpkg.com/esbuild-windows-64/-/esbuild-windows-64-0.14.54.tgz#bf54b51bd3e9b0f1886ffdb224a4176031ea0af4"
  integrity sha512-AoHTRBUuYwXtZhjXZbA1pGfTo8cJo3vZIcWGLiUcTNgHpJJMC1rVA44ZereBHMJtotyN71S8Qw0npiCIkW96cQ==

esbuild-windows-arm64@0.14.54:
  version "0.14.54"
  resolved "https://registry.yarnpkg.com/esbuild-windows-arm64/-/esbuild-windows-arm64-0.14.54.tgz#937d15675a15e4b0e4fafdbaa3a01a776a2be982"
  integrity sha512-M0kuUvXhot1zOISQGXwWn6YtS+Y/1RT9WrVIOywZnJHo3jCDyewAc79aKNQWFCQm+xNHVTq9h8dZKvygoXQQRg==

esbuild@^0.14.47:
  version "0.14.54"
  resolved "https://registry.yarnpkg.com/esbuild/-/esbuild-0.14.54.tgz#8b44dcf2b0f1a66fc22459943dccf477535e9aa2"
  integrity sha512-Cy9llcy8DvET5uznocPyqL3BFRrFXSVqbgpMJ9Wz8oVjZlh/zUSNbPRbov0VX7VxN2JH1Oa0uNxZ7eLRb62pJA==
  optionalDependencies:
    "@esbuild/linux-loong64" "0.14.54"
    esbuild-android-64 "0.14.54"
    esbuild-android-arm64 "0.14.54"
    esbuild-darwin-64 "0.14.54"
    esbuild-darwin-arm64 "0.14.54"
    esbuild-freebsd-64 "0.14.54"
    esbuild-freebsd-arm64 "0.14.54"
    esbuild-linux-32 "0.14.54"
    esbuild-linux-64 "0.14.54"
    esbuild-linux-arm "0.14.54"
    esbuild-linux-arm64 "0.14.54"
    esbuild-linux-mips64le "0.14.54"
    esbuild-linux-ppc64le "0.14.54"
    esbuild-linux-riscv64 "0.14.54"
    esbuild-linux-s390x "0.14.54"
    esbuild-netbsd-64 "0.14.54"
    esbuild-openbsd-64 "0.14.54"
    esbuild-sunos-64 "0.14.54"
    esbuild-windows-32 "0.14.54"
    esbuild-windows-64 "0.14.54"
    esbuild-windows-arm64 "0.14.54"

escalade@^3.1.1:
  version "3.1.1"
  resolved "https://registry.yarnpkg.com/escalade/-/escalade-3.1.1.tgz#d8cfdc7000965c5a0174b4a82eaa5c0552742e40"
  integrity sha512-k0er2gUkLf8O0zKJiAhmkTnJlTvINGv7ygDNPbeIsX/TJjGJZHuh9B2UxbsaEkmlEo9MfhrSzmhIlhRlI2GXnw==

fraction.js@^4.2.0:
  version "4.2.0"
  resolved "https://registry.yarnpkg.com/fraction.js/-/fraction.js-4.2.0.tgz#448e5109a313a3527f5a3ab2119ec4cf0e0e2950"
  integrity sha512-MhLuK+2gUcnZe8ZHlaaINnQLl0xRIGRfcGk2yl8xoQAfHrSsL3rYu6FCmBdkdbhc9EPlwyGHewaRsvwRMJtAlA==

fsevents@~2.3.2:
  version "2.3.2"
  resolved "https://registry.yarnpkg.com/fsevents/-/fsevents-2.3.2.tgz#8a526f78b8fdf4623b709e0b975c52c24c02fd1a"
  integrity sha512-xiqMQR4xAeHTuB9uWm+fFRcIOgKBMiOBP+eXiyT7jsgVCq1bkVygt00oASowB7EdtpOHaaPgKt812P9ab+DDKA==

function-bind@^1.1.1:
  version "1.1.1"
  resolved "https://registry.yarnpkg.com/function-bind/-/function-bind-1.1.1.tgz#a56899d3ea3c9bab874bb9773b7c5ede92f4895d"
  integrity sha512-yIovAzMX49sF8Yl58fSCWJ5svSLuaibPxXQJFLmBObTuCr0Mf1KiPopGM9NiFjiYBCbfaa2Fh6breQ6ANVTI0A==

has@^1.0.3:
  version "1.0.3"
  resolved "https://registry.yarnpkg.com/has/-/has-1.0.3.tgz#722d7cbfc1f6aa8241f16dd814e011e1f41e8796"
  integrity sha512-f2dvO0VU6Oej7RkWJGrehjbzMAjFp5/VKPp5tTpWIV4JHHZK1/BxbFRtf/siA2SWTe09caDmVtYYzWEIbBS4zw==
  dependencies:
    function-bind "^1.1.1"

is-core-module@^2.9.0:
  version "2.10.0"
  resolved "https://registry.yarnpkg.com/is-core-module/-/is-core-module-2.10.0.tgz#9012ede0a91c69587e647514e1d5277019e728ed"
  integrity sha512-Erxj2n/LDAZ7H8WNJXd9tw38GYM3dv8rk8Zcs+jJuxYTW7sozH+SS8NtrSjVL1/vpLvWi1hxy96IzjJ3EHTJJg==
  dependencies:
    has "^1.0.3"

nanoid@^3.3.4:
  version "3.3.4"
  resolved "https://registry.yarnpkg.com/nanoid/-/nanoid-3.3.4.tgz#730b67e3cd09e2deacf03c027c81c9d9dbc5e8ab"
  integrity sha512-MqBkQh/OHTS2egovRtLk45wEyNXwF+cokD+1YPf9u5VfJiRdAiRwB2froX5Co9Rh20xs4siNPm8naNotSD6RBw==

node-releases@^2.0.6:
  version "2.0.6"
  resolved "https://registry.yarnpkg.com/node-releases/-/node-releases-2.0.6.tgz#8a7088c63a55e493845683ebf3c828d8c51c5503"
  integrity sha512-PiVXnNuFm5+iYkLBNeq5211hvO38y63T0i2KKh2KnUs3RpzJ+JtODFjkD8yjLwnDkTYF1eKXheUwdssR+NRZdg==

normalize-range@^0.1.2:
  version "0.1.2"
  resolved "https://registry.yarnpkg.com/normalize-range/-/normalize-range-0.1.2.tgz#2d10c06bdfd312ea9777695a4d28439456b75942"
  integrity sha512-bdok/XvKII3nUpklnV6P2hxtMNrCboOjAcyBuQnWEhO665FwrSNRxU+AqpsyvO6LgGYPspN+lu5CLtw4jPRKNA==

path-parse@^1.0.7:
  version "1.0.7"
  resolved "https://registry.yarnpkg.com/path-parse/-/path-parse-1.0.7.tgz#fbc114b60ca42b30d9daf5858e4bd68bbedb6735"
  integrity sha512-LDJzPVEEEPR+y48z93A0Ed0yXb8pAByGWo/k5YYdYgpY2/2EsOsksJrq7lOHxryrVOn1ejG6oAp8ahvOIQD8sw==

picocolors@^1.0.0:
  version "1.0.0"
  resolved "https://registry.yarnpkg.com/picocolors/-/picocolors-1.0.0.tgz#cb5bdc74ff3f51892236eaf79d68bc44564ab81c"
  integrity sha512-1fygroTLlHu66zi26VoTDv8yRgm0Fccecssto+MhsZ0D/DGW2sm8E8AjW7NU5VVTRt5GxbeZ5qBuJr+HyLYkjQ==

pify@^2.3.0:
  version "2.3.0"
  resolved "https://registry.yarnpkg.com/pify/-/pify-2.3.0.tgz#ed141a6ac043a849ea588498e7dca8b15330e90c"
  integrity sha512-udgsAY+fTnvv7kI7aaxbqwWNb0AHiB0qBO89PZKPkoTmGOgdbrHDKD+0B2X4uTfJ/FT1R09r9gTsjUjNJotuog==

postcss-attribute-case-insensitive@^5.0.1:
  version "5.0.2"
  resolved "https://registry.yarnpkg.com/postcss-attribute-case-insensitive/-/postcss-attribute-case-insensitive-5.0.2.tgz#03d761b24afc04c09e757e92ff53716ae8ea2741"
  integrity sha512-XIidXV8fDr0kKt28vqki84fRK8VW8eTuIa4PChv2MqKuT6C9UjmSKzen6KaWhWEoYvwxFCa7n/tC1SZ3tyq4SQ==
  dependencies:
    postcss-selector-parser "^6.0.10"

postcss-clamp@^4.1.0:
  version "4.1.0"
  resolved "https://registry.yarnpkg.com/postcss-clamp/-/postcss-clamp-4.1.0.tgz#7263e95abadd8c2ba1bd911b0b5a5c9c93e02363"
  integrity sha512-ry4b1Llo/9zz+PKC+030KUnPITTJAHeOwjfAyyB60eT0AorGLdzp52s31OsPRHRf8NchkgFoG2y6fCfn1IV1Ow==
  dependencies:
    postcss-value-parser "^4.2.0"

postcss-color-functional-notation@^4.2.3:
  version "4.2.4"
  resolved "https://registry.yarnpkg.com/postcss-color-functional-notation/-/postcss-color-functional-notation-4.2.4.tgz#21a909e8d7454d3612d1659e471ce4696f28caec"
  integrity sha512-2yrTAUZUab9s6CpxkxC4rVgFEVaR6/2Pipvi6qcgvnYiVqZcbDHEoBDhrXzyb7Efh2CCfHQNtcqWcIruDTIUeg==
  dependencies:
    postcss-value-parser "^4.2.0"

postcss-color-hex-alpha@^8.0.4:
  version "8.0.4"
  resolved "https://registry.yarnpkg.com/postcss-color-hex-alpha/-/postcss-color-hex-alpha-8.0.4.tgz#c66e2980f2fbc1a63f5b079663340ce8b55f25a5"
  integrity sha512-nLo2DCRC9eE4w2JmuKgVA3fGL3d01kGq752pVALF68qpGLmx2Qrk91QTKkdUqqp45T1K1XV8IhQpcu1hoAQflQ==
  dependencies:
    postcss-value-parser "^4.2.0"

postcss-color-rebeccapurple@^7.1.0:
  version "7.1.1"
  resolved "https://registry.yarnpkg.com/postcss-color-rebeccapurple/-/postcss-color-rebeccapurple-7.1.1.tgz#63fdab91d878ebc4dd4b7c02619a0c3d6a56ced0"
  integrity sha512-pGxkuVEInwLHgkNxUc4sdg4g3py7zUeCQ9sMfwyHAT+Ezk8a4OaaVZ8lIY5+oNqA/BXXgLyXv0+5wHP68R79hg==
  dependencies:
    postcss-value-parser "^4.2.0"

postcss-custom-media@^8.0.2:
  version "8.0.2"
  resolved "https://registry.yarnpkg.com/postcss-custom-media/-/postcss-custom-media-8.0.2.tgz#c8f9637edf45fef761b014c024cee013f80529ea"
  integrity sha512-7yi25vDAoHAkbhAzX9dHx2yc6ntS4jQvejrNcC+csQJAXjj15e7VcWfMgLqBNAbOvqi5uIa9huOVwdHbf+sKqg==
  dependencies:
    postcss-value-parser "^4.2.0"

postcss-custom-properties@^12.1.8:
  version "12.1.8"
  resolved "https://registry.yarnpkg.com/postcss-custom-properties/-/postcss-custom-properties-12.1.8.tgz#aa003e1885c5bd28e2e32496cd597e389ca889e4"
  integrity sha512-8rbj8kVu00RQh2fQF81oBqtduiANu4MIxhyf0HbbStgPtnFlWn0yiaYTpLHrPnJbffVY1s9apWsIoVZcc68FxA==
  dependencies:
    postcss-value-parser "^4.2.0"

postcss-custom-selectors@^6.0.3:
  version "6.0.3"
  resolved "https://registry.yarnpkg.com/postcss-custom-selectors/-/postcss-custom-selectors-6.0.3.tgz#1ab4684d65f30fed175520f82d223db0337239d9"
  integrity sha512-fgVkmyiWDwmD3JbpCmB45SvvlCD6z9CG6Ie6Iere22W5aHea6oWa7EM2bpnv2Fj3I94L3VbtvX9KqwSi5aFzSg==
  dependencies:
    postcss-selector-parser "^6.0.4"

postcss-dir-pseudo-class@^6.0.4:
  version "6.0.5"
  resolved "https://registry.yarnpkg.com/postcss-dir-pseudo-class/-/postcss-dir-pseudo-class-6.0.5.tgz#2bf31de5de76added44e0a25ecf60ae9f7c7c26c"
  integrity sha512-eqn4m70P031PF7ZQIvSgy9RSJ5uI2171O/OO/zcRNYpJbvaeKFUlar1aJ7rmgiQtbm0FSPsRewjpdS0Oew7MPA==
  dependencies:
    postcss-selector-parser "^6.0.10"

postcss-double-position-gradients@^3.1.1:
  version "3.1.2"
  resolved "https://registry.yarnpkg.com/postcss-double-position-gradients/-/postcss-double-position-gradients-3.1.2.tgz#b96318fdb477be95997e86edd29c6e3557a49b91"
  integrity sha512-GX+FuE/uBR6eskOK+4vkXgT6pDkexLokPaz/AbJna9s5Kzp/yl488pKPjhy0obB475ovfT1Wv8ho7U/cHNaRgQ==
  dependencies:
    "@csstools/postcss-progressive-custom-properties" "^1.1.0"
    postcss-value-parser "^4.2.0"

postcss-env-function@^4.0.6:
  version "4.0.6"
  resolved "https://registry.yarnpkg.com/postcss-env-function/-/postcss-env-function-4.0.6.tgz#7b2d24c812f540ed6eda4c81f6090416722a8e7a"
  integrity sha512-kpA6FsLra+NqcFnL81TnsU+Z7orGtDTxcOhl6pwXeEq1yFPpRMkCDpHhrz8CFQDr/Wfm0jLiNQ1OsGGPjlqPwA==
  dependencies:
    postcss-value-parser "^4.2.0"

postcss-focus-visible@^6.0.4:
  version "6.0.4"
  resolved "https://registry.yarnpkg.com/postcss-focus-visible/-/postcss-focus-visible-6.0.4.tgz#50c9ea9afa0ee657fb75635fabad25e18d76bf9e"
  integrity sha512-QcKuUU/dgNsstIK6HELFRT5Y3lbrMLEOwG+A4s5cA+fx3A3y/JTq3X9LaOj3OC3ALH0XqyrgQIgey/MIZ8Wczw==
  dependencies:
    postcss-selector-parser "^6.0.9"

postcss-focus-within@^5.0.4:
  version "5.0.4"
  resolved "https://registry.yarnpkg.com/postcss-focus-within/-/postcss-focus-within-5.0.4.tgz#5b1d2ec603195f3344b716c0b75f61e44e8d2e20"
  integrity sha512-vvjDN++C0mu8jz4af5d52CB184ogg/sSxAFS+oUJQq2SuCe7T5U2iIsVJtsCp2d6R4j0jr5+q3rPkBVZkXD9fQ==
  dependencies:
    postcss-selector-parser "^6.0.9"

postcss-font-variant@^5.0.0:
  version "5.0.0"
  resolved "https://registry.yarnpkg.com/postcss-font-variant/-/postcss-font-variant-5.0.0.tgz#efd59b4b7ea8bb06127f2d031bfbb7f24d32fa66"
  integrity sha512-1fmkBaCALD72CK2a9i468mA/+tr9/1cBxRRMXOUaZqO43oWPR5imcyPjXwuv7PXbCid4ndlP5zWhidQVVa3hmA==

postcss-gap-properties@^3.0.3:
  version "3.0.5"
  resolved "https://registry.yarnpkg.com/postcss-gap-properties/-/postcss-gap-properties-3.0.5.tgz#f7e3cddcf73ee19e94ccf7cb77773f9560aa2fff"
  integrity sha512-IuE6gKSdoUNcvkGIqdtjtcMtZIFyXZhmFd5RUlg97iVEvp1BZKV5ngsAjCjrVy+14uhGBQl9tzmi1Qwq4kqVOg==

postcss-image-set-function@^4.0.6:
  version "4.0.7"
  resolved "https://registry.yarnpkg.com/postcss-image-set-function/-/postcss-image-set-function-4.0.7.tgz#08353bd756f1cbfb3b6e93182c7829879114481f"
  integrity sha512-9T2r9rsvYzm5ndsBE8WgtrMlIT7VbtTfE7b3BQnudUqnBcBo7L758oc+o+pdj/dUV0l5wjwSdjeOH2DZtfv8qw==
  dependencies:
    postcss-value-parser "^4.2.0"

postcss-import@^14.1.0:
  version "14.1.0"
  resolved "https://registry.yarnpkg.com/postcss-import/-/postcss-import-14.1.0.tgz#a7333ffe32f0b8795303ee9e40215dac922781f0"
  integrity sha512-flwI+Vgm4SElObFVPpTIT7SU7R3qk2L7PyduMcokiaVKuWv9d/U+Gm/QAd8NDLuykTWTkcrjOeD2Pp1rMeBTGw==
  dependencies:
    postcss-value-parser "^4.0.0"
    read-cache "^1.0.0"
    resolve "^1.1.7"

postcss-initial@^4.0.1:
  version "4.0.1"
  resolved "https://registry.yarnpkg.com/postcss-initial/-/postcss-initial-4.0.1.tgz#529f735f72c5724a0fb30527df6fb7ac54d7de42"
  integrity sha512-0ueD7rPqX8Pn1xJIjay0AZeIuDoF+V+VvMt/uOnn+4ezUKhZM/NokDeP6DwMNyIoYByuN/94IQnt5FEkaN59xQ==

postcss-lab-function@^4.2.0:
  version "4.2.1"
  resolved "https://registry.yarnpkg.com/postcss-lab-function/-/postcss-lab-function-4.2.1.tgz#6fe4c015102ff7cd27d1bd5385582f67ebdbdc98"
  integrity sha512-xuXll4isR03CrQsmxyz92LJB2xX9n+pZJ5jE9JgcnmsCammLyKdlzrBin+25dy6wIjfhJpKBAN80gsTlCgRk2w==
  dependencies:
    "@csstools/postcss-progressive-custom-properties" "^1.1.0"
    postcss-value-parser "^4.2.0"

postcss-logical@^5.0.4:
  version "5.0.4"
  resolved "https://registry.yarnpkg.com/postcss-logical/-/postcss-logical-5.0.4.tgz#ec75b1ee54421acc04d5921576b7d8db6b0e6f73"
  integrity sha512-RHXxplCeLh9VjinvMrZONq7im4wjWGlRJAqmAVLXyZaXwfDWP73/oq4NdIp+OZwhQUMj0zjqDfM5Fj7qby+B4g==

postcss-media-minmax@^5.0.0:
  version "5.0.0"
  resolved "https://registry.yarnpkg.com/postcss-media-minmax/-/postcss-media-minmax-5.0.0.tgz#7140bddec173e2d6d657edbd8554a55794e2a5b5"
  integrity sha512-yDUvFf9QdFZTuCUg0g0uNSHVlJ5X1lSzDZjPSFaiCWvjgsvu8vEVxtahPrLMinIDEEGnx6cBe6iqdx5YWz08wQ==

postcss-nesting@^10.1.9:
  version "10.1.10"
  resolved "https://registry.yarnpkg.com/postcss-nesting/-/postcss-nesting-10.1.10.tgz#9c396df3d8232cbedfa95baaac6b765b8fd2a817"
  integrity sha512-lqd7LXCq0gWc0wKXtoKDru5wEUNjm3OryLVNRZ8OnW8km6fSNUuFrjEhU3nklxXE2jvd4qrox566acgh+xQt8w==
  dependencies:
    "@csstools/selector-specificity" "^2.0.0"
    postcss-selector-parser "^6.0.10"

postcss-opacity-percentage@^1.1.2:
  version "1.1.2"
  resolved "https://registry.yarnpkg.com/postcss-opacity-percentage/-/postcss-opacity-percentage-1.1.2.tgz#bd698bb3670a0a27f6d657cc16744b3ebf3b1145"
  integrity sha512-lyUfF7miG+yewZ8EAk9XUBIlrHyUE6fijnesuz+Mj5zrIHIEw6KcIZSOk/elVMqzLvREmXB83Zi/5QpNRYd47w==

postcss-overflow-shorthand@^3.0.3:
  version "3.0.4"
  resolved "https://registry.yarnpkg.com/postcss-overflow-shorthand/-/postcss-overflow-shorthand-3.0.4.tgz#7ed6486fec44b76f0eab15aa4866cda5d55d893e"
  integrity sha512-otYl/ylHK8Y9bcBnPLo3foYFLL6a6Ak+3EQBPOTR7luMYCOsiVTUk1iLvNf6tVPNGXcoL9Hoz37kpfriRIFb4A==
  dependencies:
    postcss-value-parser "^4.2.0"

postcss-page-break@^3.0.4:
  version "3.0.4"
  resolved "https://registry.yarnpkg.com/postcss-page-break/-/postcss-page-break-3.0.4.tgz#7fbf741c233621622b68d435babfb70dd8c1ee5f"
  integrity sha512-1JGu8oCjVXLa9q9rFTo4MbeeA5FMe00/9C7lN4va606Rdb+HkxXtXsmEDrIraQ11fGz/WvKWa8gMuCKkrXpTsQ==

postcss-place@^7.0.4:
  version "7.0.5"
  resolved "https://registry.yarnpkg.com/postcss-place/-/postcss-place-7.0.5.tgz#95dbf85fd9656a3a6e60e832b5809914236986c4"
  integrity sha512-wR8igaZROA6Z4pv0d+bvVrvGY4GVHihBCBQieXFY3kuSuMyOmEnnfFzHl/tQuqHZkfkIVBEbDvYcFfHmpSet9g==
  dependencies:
    postcss-value-parser "^4.2.0"

postcss-preset-env@^7.7.2:
  version "7.7.2"
  resolved "https://registry.yarnpkg.com/postcss-preset-env/-/postcss-preset-env-7.7.2.tgz#769f7f21779b4688c9a6082ae1572416cab415cf"
  integrity sha512-1q0ih7EDsZmCb/FMDRvosna7Gsbdx8CvYO5hYT120hcp2ZAuOHpSzibujZ4JpIUcAC02PG6b+eftxqjTFh5BNA==
  dependencies:
    "@csstools/postcss-cascade-layers" "^1.0.4"
    "@csstools/postcss-color-function" "^1.1.0"
    "@csstools/postcss-font-format-keywords" "^1.0.0"
    "@csstools/postcss-hwb-function" "^1.0.1"
    "@csstools/postcss-ic-unit" "^1.0.0"
    "@csstools/postcss-is-pseudo-class" "^2.0.6"
    "@csstools/postcss-normalize-display-values" "^1.0.0"
    "@csstools/postcss-oklab-function" "^1.1.0"
    "@csstools/postcss-progressive-custom-properties" "^1.3.0"
    "@csstools/postcss-stepped-value-functions" "^1.0.0"
    "@csstools/postcss-trigonometric-functions" "^1.0.1"
    "@csstools/postcss-unset-value" "^1.0.1"
    autoprefixer "^10.4.7"
    browserslist "^4.21.0"
    css-blank-pseudo "^3.0.3"
    css-has-pseudo "^3.0.4"
    css-prefers-color-scheme "^6.0.3"
    cssdb "^6.6.3"
    postcss-attribute-case-insensitive "^5.0.1"
    postcss-clamp "^4.1.0"
    postcss-color-functional-notation "^4.2.3"
    postcss-color-hex-alpha "^8.0.4"
    postcss-color-rebeccapurple "^7.1.0"
    postcss-custom-media "^8.0.2"
    postcss-custom-properties "^12.1.8"
    postcss-custom-selectors "^6.0.3"
    postcss-dir-pseudo-class "^6.0.4"
    postcss-double-position-gradients "^3.1.1"
    postcss-env-function "^4.0.6"
    postcss-focus-visible "^6.0.4"
    postcss-focus-within "^5.0.4"
    postcss-font-variant "^5.0.0"
    postcss-gap-properties "^3.0.3"
    postcss-image-set-function "^4.0.6"
    postcss-initial "^4.0.1"
    postcss-lab-function "^4.2.0"
    postcss-logical "^5.0.4"
    postcss-media-minmax "^5.0.0"
    postcss-nesting "^10.1.9"
    postcss-opacity-percentage "^1.1.2"
    postcss-overflow-shorthand "^3.0.3"
    postcss-page-break "^3.0.4"
    postcss-place "^7.0.4"
    postcss-pseudo-class-any-link "^7.1.5"
    postcss-replace-overflow-wrap "^4.0.0"
    postcss-selector-not "^6.0.0"
    postcss-value-parser "^4.2.0"

postcss-pseudo-class-any-link@^7.1.5:
  version "7.1.6"
  resolved "https://registry.yarnpkg.com/postcss-pseudo-class-any-link/-/postcss-pseudo-class-any-link-7.1.6.tgz#2693b221902da772c278def85a4d9a64b6e617ab"
  integrity sha512-9sCtZkO6f/5ML9WcTLcIyV1yz9D1rf0tWc+ulKcvV30s0iZKS/ONyETvoWsr6vnrmW+X+KmuK3gV/w5EWnT37w==
  dependencies:
    postcss-selector-parser "^6.0.10"

postcss-replace-overflow-wrap@^4.0.0:
  version "4.0.0"
  resolved "https://registry.yarnpkg.com/postcss-replace-overflow-wrap/-/postcss-replace-overflow-wrap-4.0.0.tgz#d2df6bed10b477bf9c52fab28c568b4b29ca4319"
  integrity sha512-KmF7SBPphT4gPPcKZc7aDkweHiKEEO8cla/GjcBK+ckKxiZslIu3C4GCRW3DNfL0o7yW7kMQu9xlZ1kXRXLXtw==

postcss-selector-not@^6.0.0:
  version "6.0.1"
  resolved "https://registry.yarnpkg.com/postcss-selector-not/-/postcss-selector-not-6.0.1.tgz#8f0a709bf7d4b45222793fc34409be407537556d"
  integrity sha512-1i9affjAe9xu/y9uqWH+tD4r6/hDaXJruk8xn2x1vzxC2U3J3LKO3zJW4CyxlNhA56pADJ/djpEwpH1RClI2rQ==
  dependencies:
    postcss-selector-parser "^6.0.10"

postcss-selector-parser@^6.0.10, postcss-selector-parser@^6.0.4, postcss-selector-parser@^6.0.9:
  version "6.0.10"
  resolved "https://registry.yarnpkg.com/postcss-selector-parser/-/postcss-selector-parser-6.0.10.tgz#79b61e2c0d1bfc2602d549e11d0876256f8df88d"
  integrity sha512-IQ7TZdoaqbT+LCpShg46jnZVlhWD2w6iQYAcYXfHARZ7X1t/UGhhceQDs5X0cGqKvYlHNOuv7Oa1xmb0oQuA3w==
  dependencies:
    cssesc "^3.0.0"
    util-deprecate "^1.0.2"

postcss-value-parser@^4.0.0, postcss-value-parser@^4.2.0:
  version "4.2.0"
  resolved "https://registry.yarnpkg.com/postcss-value-parser/-/postcss-value-parser-4.2.0.tgz#723c09920836ba6d3e5af019f92bc0971c02e514"
  integrity sha512-1NNCs6uurfkVbeXG4S8JFT9t19m45ICnif8zWLd5oPSZ50QnwMfK+H3jv408d4jw/7Bttv5axS5IiHoLaVNHeQ==

postcss@^8.4.16:
  version "8.4.16"
  resolved "https://registry.yarnpkg.com/postcss/-/postcss-8.4.16.tgz#33a1d675fac39941f5f445db0de4db2b6e01d43c"
  integrity sha512-ipHE1XBvKzm5xI7hiHCZJCSugxvsdq2mPnsq5+UF+VHCjiBvtDrlxJfMBToWaP9D5XlgNmcFGqoHmUn0EYEaRQ==
  dependencies:
    nanoid "^3.3.4"
    picocolors "^1.0.0"
    source-map-js "^1.0.2"

read-cache@^1.0.0:
  version "1.0.0"
  resolved "https://registry.yarnpkg.com/read-cache/-/read-cache-1.0.0.tgz#e664ef31161166c9751cdbe8dbcf86b5fb58f774"
  integrity sha512-Owdv/Ft7IjOgm/i0xvNDZ1LrRANRfew4b2prF3OWMQLxLfu3bS8FVhCsrSCMK4lR56Y9ya+AThoTpDCTxCmpRA==
  dependencies:
    pify "^2.3.0"

resolve@^1.1.7, resolve@^1.22.1:
  version "1.22.1"
  resolved "https://registry.yarnpkg.com/resolve/-/resolve-1.22.1.tgz#27cb2ebb53f91abb49470a928bba7558066ac177"
  integrity sha512-nBpuuYuY5jFsli/JIs1oldw6fOQCBioohqWZg/2hiaOybXOft4lonv85uDOKXdf8rhyK159cxU5cDcK/NKk8zw==
  dependencies:
    is-core-module "^2.9.0"
    path-parse "^1.0.7"
    supports-preserve-symlinks-flag "^1.0.0"

"rollup@>=2.75.6 <2.77.0 || ~2.77.0":
  version "2.77.3"
  resolved "https://registry.yarnpkg.com/rollup/-/rollup-2.77.3.tgz#8f00418d3a2740036e15deb653bed1a90ee0cc12"
  integrity sha512-/qxNTG7FbmefJWoeeYJFbHehJ2HNWnjkAFRKzWN/45eNBBF/r8lo992CwcJXEzyVxs5FmfId+vTSTQDb+bxA+g==
  optionalDependencies:
    fsevents "~2.3.2"

source-map-js@^1.0.2:
  version "1.0.2"
  resolved "https://registry.yarnpkg.com/source-map-js/-/source-map-js-1.0.2.tgz#adbc361d9c62df380125e7f161f71c826f1e490c"
  integrity sha512-R0XvVJ9WusLiqTCEiGCmICCMplcCkIwwR11mOSD9CR5u+IXYdiseeEuXCVAjS54zqwkLcPNnmU4OeJ6tUrWhDw==

supports-preserve-symlinks-flag@^1.0.0:
  version "1.0.0"
  resolved "https://registry.yarnpkg.com/supports-preserve-symlinks-flag/-/supports-preserve-symlinks-flag-1.0.0.tgz#6eda4bd344a3c94aea376d4cc31bc77311039e09"
  integrity sha512-ot0WnXS9fgdkgIcePe6RHNk1WA8+muPa6cSjeR3V8K27q9BB1rTE3R1p7Hv0z1ZyAc8s6Vvv8DIyWf681MAt0w==

update-browserslist-db@^1.0.5:
  version "1.0.5"
  resolved "https://registry.yarnpkg.com/update-browserslist-db/-/update-browserslist-db-1.0.5.tgz#be06a5eedd62f107b7c19eb5bcefb194411abf38"
  integrity sha512-dteFFpCyvuDdr9S/ff1ISkKt/9YZxKjI9WlRR99c180GaztJtRa/fn18FdxGVKVsnPY7/a/FDN68mcvUmP4U7Q==
  dependencies:
    escalade "^3.1.1"
    picocolors "^1.0.0"

util-deprecate@^1.0.2:
  version "1.0.2"
  resolved "https://registry.yarnpkg.com/util-deprecate/-/util-deprecate-1.0.2.tgz#450d4dc9fa70de732762fbd2d4a28981419a0ccf"
  integrity sha512-EPD5q1uXyFxJpCrLnCc1nHnq3gOa6DZBocAIiI2TaSCA7VCJ1UJDMagCzIkXNsUYfD1daK//LTEQ8xiIbrHtcw==

vanilla-tilt@^1.7.2:
  version "1.7.2"
  resolved "https://registry.yarnpkg.com/vanilla-tilt/-/vanilla-tilt-1.7.2.tgz#59a5565d9f1f6d392a36969f223fb600dd101a81"
  integrity sha512-arf2wY2Y65rP6Zxve9PnUUnRl9nQ1KenPNae6QRaVq/PEvaIto2bC4jYirNJ19U7nLkzI1H9O+nYtcQlX7BTsA==

vite@^3.0.6:
  version "3.0.6"
  resolved "https://registry.yarnpkg.com/vite/-/vite-3.0.6.tgz#08e85ebaa34a3b647cb1365c87675b45f3511be0"
  integrity sha512-pjfsWIzfUlQME/VAmU6SsjdHkTt6WAHysuqPkHDcjzNu6IGtxDSZ/VfRYOwHaCqX4M3Ivz0kxuSfAPM6gAIX+w==
  dependencies:
    esbuild "^0.14.47"
    postcss "^8.4.16"
    resolve "^1.22.1"
    rollup ">=2.75.6 <2.77.0 || ~2.77.0"
  optionalDependencies:
    fsevents "~2.3.2"
